
Microsoft Visual Studio Solution File, Format Version 12.00
# Visual Studio Version 17
VisualStudioVersion = 17.2.32516.85
MinimumVisualStudioVersion = 10.0.40219.1
Project("{FAE04EC0-301F-11D3-BF4B-00C04F79EFBC}") = "PlayerAppHW", "PlayerAppHW\PlayerAppHW.csproj", "{0C5021FB-7CFE-423D-8137-66052118E111}"
EndProject
Global
	GlobalSection(SolutionConfigurationPlatforms) = preSolution
		Debug|Any CPU = Debug|Any CPU
		Release|Any CPU = Release|Any CPU
	EndGlobalSection
	GlobalSection(ProjectConfigurationPlatforms) = postSolution
		{0C5021FB-7CFE-423D-8137-66052118E111}.Debug|Any CPU.ActiveCfg = Debug|Any CPU
		{0C5021FB-7CFE-423D-8137-66052118E111}.Debug|Any CPU.Build.0 = Debug|Any CPU
		{0C5021FB-7CFE-423D-8137-66052118E111}.Release|Any CPU.ActiveCfg = Release|Any CPU
		{0C5021FB-7CFE-423D-8137-66052118E111}.Release|Any CPU.Build.0 = Release|Any CPU
	EndGlobalSection
	GlobalSection(SolutionProperties) = preSolution
		HideSolutionNode = FALSE
	EndGlobalSection
	GlobalSection(ExtensibilityGlobals) = postSolution
		SolutionGuid = {2EE4F483-6379-4DB8-A9A8-38C8DD658BE0}
	EndGlobalSection
EndGlobal
